
Microsoft Visual Studio Solution File, Format Version 12.00
# Visual Studio Version 16
VisualStudioVersion = 16.0.31702.278
MinimumVisualStudioVersion = 10.0.40219.1
Project("{FAE04EC0-301F-11D3-BF4B-00C04F79EFBC}") = "DigiServe", "DigiServe\DigiServe.csproj", "{DCA48A30-DAD3-4D91-9212-DCB553BD6DB0}"
EndProject
Global
	GlobalSection(SolutionConfigurationPlatforms) = preSolution
		Debug|Any CPU = Debug|Any CPU
		Release|Any CPU = Release|Any CPU
	EndGlobalSection
	GlobalSection(ProjectConfigurationPlatforms) = postSolution
		{DCA48A30-DAD3-4D91-9212-DCB553BD6DB0}.Debug|Any CPU.ActiveCfg = Debug|Any CPU
		{DCA48A30-DAD3-4D91-9212-DCB553BD6DB0}.Debug|Any CPU.Build.0 = Debug|Any CPU
		{DCA48A30-DAD3-4D91-9212-DCB553BD6DB0}.Release|Any CPU.ActiveCfg = Release|Any CPU
		{DCA48A30-DAD3-4D91-9212-DCB553BD6DB0}.Release|Any CPU.Build.0 = Release|Any CPU
	EndGlobalSection
	GlobalSection(SolutionProperties) = preSolution
		HideSolutionNode = FALSE
	EndGlobalSection
	GlobalSection(ExtensibilityGlobals) = postSolution
		SolutionGuid = {3CCEC4C5-8E97-4136-8DF7-1A3AF1422FEC}
	EndGlobalSection
EndGlobal
